// !$*UTF8*$!
{
	archiveVersion = 1;
	classes = {
	};
	objectVersion = 50;
	objects = {

/* Begin PBXBuildFile section */
		065EDED4257AA86D008B004A /* AppDelegate.swift in Sources */ = {isa = PBXBuildFile; fileRef = 065EDED3257AA86D008B004A /* AppDelegate.swift */; };
		065EDED6257AA86D008B004A /* SceneDelegate.swift in Sources */ = {isa = PBXBuildFile; fileRef = 065EDED5257AA86D008B004A /* SceneDelegate.swift */; };
		065EDED8257AA86D008B004A /* ViewController.swift in Sources */ = {isa = PBXBuildFile; fileRef = 065EDED7257AA86D008B004A /* ViewController.swift */; };
		065EDEDB257AA86D008B004A /* Main.storyboard in Resources */ = {isa = PBXBuildFile; fileRef = 065EDED9257AA86D008B004A /* Main.storyboard */; };
		065EDEDD257AA871008B004A /* Assets.xcassets in Resources */ = {isa = PBXBuildFile; fileRef = 065EDEDC257AA871008B004A /* Assets.xcassets */; };
		065EDEE0257AA871008B004A /* LaunchScreen.storyboard in Resources */ = {isa = PBXBuildFile; fileRef = 065EDEDE257AA871008B004A /* LaunchScreen.storyboard */; };
		065EDEEB257AA871008B004A /* BreakingBadTests.swift in Sources */ = {isa = PBXBuildFile; fileRef = 065EDEEA257AA871008B004A /* BreakingBadTests.swift */; };
		065EDEF6257AA871008B004A /* BreakingBadUITests.swift in Sources */ = {isa = PBXBuildFile; fileRef = 065EDEF5257AA871008B004A /* BreakingBadUITests.swift */; };
/* End PBXBuildFile section */

/* Begin PBXContainerItemProxy section */
		065EDEE7257AA871008B004A /* PBXContainerItemProxy */ = {
			isa = PBXContainerItemProxy;
			containerPortal = 065EDEC8257AA86D008B004A /* Project object */;
			proxyType = 1;
			remoteGlobalIDString = 065EDECF257AA86D008B004A;
			remoteInfo = BreakingBad;
		};
		065EDEF2257AA871008B004A /* PBXContainerItemProxy */ = {
			isa = PBXContainerItemProxy;
			containerPortal = 065EDEC8257AA86D008B004A /* Project object */;
			proxyType = 1;
			remoteGlobalIDString = 065EDECF257AA86D008B004A;
			remoteInfo = BreakingBad;
		};
/* End PBXContainerItemProxy section */

/* Begin PBXFileReference section */
		065EDED0257AA86D008B004A /* BreakingBad.app */ = {isa = PBXFileReference; explicitFileType = wrapper.application; includeInIndex = 0; path = BreakingBad.app; sourceTree = BUILT_PRODUCTS_DIR; };
		065EDED3257AA86D008B004A /* AppDelegate.swift */ = {isa = PBXFileReference; lastKnownFileType = sourcecode.swift; path = AppDelegate.swift; sourceTree = "<group>"; };
		065EDED5257AA86D008B004A /* SceneDelegate.swift */ = {isa = PBXFileReference; lastKnownFileType = sourcecode.swift; path = SceneDelegate.swift; sourceTree = "<group>"; };
		065EDED7257AA86D008B004A /* ViewController.swift */ = {isa = PBXFileReference; lastKnownFileType = sourcecode.swift; path = ViewController.swift; sourceTree = "<group>"; };
		065EDEDA257AA86D008B004A /* Base */ = {isa = PBXFileReference; lastKnownFileType = file.storyboard; name = Base; path = Base.lproj/Main.storyboard; sourceTree = "<group>"; };
		065EDEDC257AA871008B004A /* Assets.xcassets */ = {isa = PBXFileReference; lastKnownFileType = folder.assetcatalog; path = Assets.xcassets; sourceTree = "<group>"; };
		065EDEDF257AA871008B004A /* Base */ = {isa = PBXFileReference; lastKnownFileType = file.storyboard; name = Base; path = Base.lproj/LaunchScreen.storyboard; sourceTree = "<group>"; };
		065EDEE1257AA871008B004A /* Info.plist */ = {isa = PBXFileReference; lastKnownFileType = text.plist.xml; path = Info.plist; sourceTree = "<group>"; };
		065EDEE6257AA871008B004A /* BreakingBadTests.xctest */ = {isa = PBXFileReference; explicitFileType = wrapper.cfbundle; includeInIndex = 0; path = BreakingBadTests.xctest; sourceTree = BUILT_PRODUCTS_DIR; };
		065EDEEA257AA871008B004A /* BreakingBadTests.swift */ = {isa = PBXFileReference; lastKnownFileType = sourcecode.swift; path = BreakingBadTests.swift; sourceTree = "<group>"; };
		065EDEEC257AA871008B004A /* Info.plist */ = {isa = PBXFileReference; lastKnownFileType = text.plist.xml; path = Info.plist; sourceTree = "<group>"; };
		065EDEF1257AA871008B004A /* BreakingBadUITests.xctest */ = {isa = PBXFileReference; explicitFileType = wrapper.cfbundle; includeInIndex = 0; path = BreakingBadUITests.xctest; sourceTree = BUILT_PRODUCTS_DIR; };
		065EDEF5257AA871008B004A /* BreakingBadUITests.swift */ = {isa = PBXFileReference; lastKnownFileType = sourcecode.swift; path = BreakingBadUITests.swift; sourceTree = "<group>"; };
		065EDEF7257AA871008B004A /* Info.plist */ = {isa = PBXFileReference; lastKnownFileType = text.plist.xml; path = Info.plist; sourceTree = "<group>"; };
/* End PBXFileReference section */

/* Begin PBXFrameworksBuildPhase section */
		065EDECD257AA86D008B004A /* Frameworks */ = {
			isa = PBXFrameworksBuildPhase;
			buildActionMask = 2147483647;
			files = (
			);
			runOnlyForDeploymentPostprocessing = 0;
		};
		065EDEE3257AA871008B004A /* Frameworks */ = {
			isa = PBXFrameworksBuildPhase;
			buildActionMask = 2147483647;
			files = (
			);
			runOnlyForDeploymentPostprocessing = 0;
		};
		065EDEEE257AA871008B004A /* Frameworks */ = {
			isa = PBXFrameworksBuildPhase;
			buildActionMask = 2147483647;
			files = (
			);
			runOnlyForDeploymentPostprocessing = 0;
		};
/* End PBXFrameworksBuildPhase section */

/* Begin PBXGroup section */
		065EDEC7257AA86D008B004A = {
			isa = PBXGroup;
			children = (
				065EDED2257AA86D008B004A /* BreakingBad */,
				065EDEE9257AA871008B004A /* BreakingBadTests */,
				065EDEF4257AA871008B004A /* BreakingBadUITests */,
				065EDED1257AA86D008B004A /* Products */,
			);
			sourceTree = "<group>";
		};
		065EDED1257AA86D008B004A /* Products */ = {
			isa = PBXGroup;
			children = (
				065EDED0257AA86D008B004A /* BreakingBad.app */,
				065EDEE6257AA871008B004A /* BreakingBadTests.xctest */,
				065EDEF1257AA871008B004A /* BreakingBadUITests.xctest */,
			);
			name = Products;
			sourceTree = "<group>";
		};
		065EDED2257AA86D008B004A /* BreakingBad */ = {
			isa = PBXGroup;
			children = (
				065EDED3257AA86D008B004A /* AppDelegate.swift */,
				065EDED5257AA86D008B004A /* SceneDelegate.swift */,
				065EDED7257AA86D008B004A /* ViewController.swift */,
				065EDED9257AA86D008B004A /* Main.storyboard */,
				065EDEDC257AA871008B004A /* Assets.xcassets */,
				065EDEDE257AA871008B004A /* LaunchScreen.storyboard */,
				065EDEE1257AA871008B004A /* Info.plist */,
			);
			path = BreakingBad;
			sourceTree = "<group>";
		};
		065EDEE9257AA871008B004A /* BreakingBadTests */ = {
			isa = PBXGroup;
			children = (
				065EDEEA257AA871008B004A /* BreakingBadTests.swift */,
				065EDEEC257AA871008B004A /* Info.plist */,
			);
			path = BreakingBadTests;
			sourceTree = "<group>";
		};
		065EDEF4257AA871008B004A /* BreakingBadUITests */ = {
			isa = PBXGroup;
			children = (
				065EDEF5257AA871008B004A /* BreakingBadUITests.swift */,
				065EDEF7257AA871008B004A /* Info.plist */,
			);
			path = BreakingBadUITests;
			sourceTree = "<group>";
		};
/* End PBXGroup section */

/* Begin PBXNativeTarget section */
		065EDECF257AA86D008B004A /* BreakingBad */ = {
			isa = PBXNativeTarget;
			buildConfigurationList = 065EDEFA257AA871008B004A /* Build configuration list for PBXNativeTarget "BreakingBad" */;
			buildPhases = (
				065EDECC257AA86D008B004A /* Sources */,
				065EDECD257AA86D008B004A /* Frameworks */,
				065EDECE257AA86D008B004A /* Resources */,
			);
			buildRules = (
			);
			dependencies = (
			);
			name = BreakingBad;
			productName = BreakingBad;
			productReference = 065EDED0257AA86D008B004A /* BreakingBad.app */;
			productType = "com.apple.product-type.application";
		};
		065EDEE5257AA871008B004A /* BreakingBadTests */ = {
			isa = PBXNativeTarget;
			buildConfigurationList = 065EDEFD257AA871008B004A /* Build configuration list for PBXNativeTarget "BreakingBadTests" */;
			buildPhases = (
				065EDEE2257AA871008B004A /* Sources */,
				065EDEE3257AA871008B004A /* Frameworks */,
				065EDEE4257AA871008B004A /* Resources */,
			);
			buildRules = (
			);
			dependencies = (
				065EDEE8257AA871008B004A /* PBXTargetDependency */,
			);
			name = BreakingBadTests;
			productName = BreakingBadTests;
			productReference = 065EDEE6257AA871008B004A /* BreakingBadTests.xctest */;
			productType = "com.apple.product-type.bundle.unit-test";
		};
		065EDEF0257AA871008B004A /* BreakingBadUITests */ = {
			isa = PBXNativeTarget;
			buildConfigurationList = 065EDF00257AA871008B004A /* Build configuration list for PBXNativeTarget "BreakingBadUITests" */;
			buildPhases = (
				065EDEED257AA871008B004A /* Sources */,
				065EDEEE257AA871008B004A /* Frameworks */,
				065EDEEF257AA871008B004A /* Resources */,
			);
			buildRules = (
			);
			dependencies = (
				065EDEF3257AA871008B004A /* PBXTargetDependency */,
			);
			name = BreakingBadUITests;
			productName = BreakingBadUITests;
			productReference = 065EDEF1257AA871008B004A /* BreakingBadUITests.xctest */;
			productType = "com.apple.product-type.bundle.ui-testing";
		};
/* End PBXNativeTarget section */

/* Begin PBXProject section */
		065EDEC8257AA86D008B004A /* Project object */ = {
			isa = PBXProject;
			attributes = {
				LastSwiftUpdateCheck = 1220;
				LastUpgradeCheck = 1220;
				TargetAttributes = {
					065EDECF257AA86D008B004A = {
						CreatedOnToolsVersion = 12.2;
					};
					065EDEE5257AA871008B004A = {
						CreatedOnToolsVersion = 12.2;
						TestTargetID = 065EDECF257AA86D008B004A;
					};
					065EDEF0257AA871008B004A = {
						CreatedOnToolsVersion = 12.2;
						TestTargetID = 065EDECF257AA86D008B004A;
					};
				};
			};
			buildConfigurationList = 065EDECB257AA86D008B004A /* Build configuration list for PBXProject "BreakingBad" */;
			compatibilityVersion = "Xcode 9.3";
			developmentRegion = en;
			hasScannedForEncodings = 0;
			knownRegions = (
				en,
				Base,
			);
			mainGroup = 065EDEC7257AA86D008B004A;
			productRefGroup = 065EDED1257AA86D008B004A /* Products */;
			projectDirPath = "";
			projectRoot = "";
			targets = (
				065EDECF257AA86D008B004A /* BreakingBad */,
				065EDEE5257AA871008B004A /* BreakingBadTests */,
				065EDEF0257AA871008B004A /* BreakingBadUITests */,
			);
		};
/* End PBXProject section */

/* Begin PBXResourcesBuildPhase section */
		065EDECE257AA86D008B004A /* Resources */ = {
			isa = PBXResourcesBuildPhase;
			buildActionMask = 2147483647;
			files = (
				065EDEE0257AA871008B004A /* LaunchScreen.storyboard in Resources */,
				065EDEDD257AA871008B004A /* Assets.xcassets in Resources */,
				065EDEDB257AA86D008B004A /* Main.storyboard in Resources */,
			);
			runOnlyForDeploymentPostprocessing = 0;
		};
		065EDEE4257AA871008B004A /* Resources */ = {
			isa = PBXResourcesBuildPhase;
			buildActionMask = 2147483647;
			files = (
			);
			runOnlyForDeploymentPostprocessing = 0;
		};
		065EDEEF257AA871008B004A /* Resources */ = {
			isa = PBXResourcesBuildPhase;
			buildActionMask = 2147483647;
			files = (
			);
			runOnlyForDeploymentPostprocessing = 0;
		};
/* End PBXResourcesBuildPhase section */

/* Begin PBXSourcesBuildPhase section */
		065EDECC257AA86D008B004A /* Sources */ = {
			isa = PBXSourcesBuildPhase;
			buildActionMask = 2147483647;
			files = (
				065EDED8257AA86D008B004A /* ViewController.swift in Sources */,
				065EDED4257AA86D008B004A /* AppDelegate.swift in Sources */,
				065EDED6257AA86D008B004A /* SceneDelegate.swift in Sources */,
			);
			runOnlyForDeploymentPostprocessing = 0;
		};
		065EDEE2257AA871008B004A /* Sources */ = {
			isa = PBXSourcesBuildPhase;
			buildActionMask = 2147483647;
			files = (
				065EDEEB257AA871008B004A /* BreakingBadTests.swift in Sources */,
			);
			runOnlyForDeploymentPostprocessing = 0;
		};
		065EDEED257AA871008B004A /* Sources */ = {
			isa = PBXSourcesBuildPhase;
			buildActionMask = 2147483647;
			files = (
				065EDEF6257AA871008B004A /* BreakingBadUITests.swift in Sources */,
			);
			runOnlyForDeploymentPostprocessing = 0;
		};
/* End PBXSourcesBuildPhase section */

/* Begin PBXTargetDependency section */
		065EDEE8257AA871008B004A /* PBXTargetDependency */ = {
			isa = PBXTargetDependency;
			target = 065EDECF257AA86D008B004A /* BreakingBad */;
			targetProxy = 065EDEE7257AA871008B004A /* PBXContainerItemProxy */;
		};
		065EDEF3257AA871008B004A /* PBXTargetDependency */ = {
			isa = PBXTargetDependency;
			target = 065EDECF257AA86D008B004A /* BreakingBad */;
			targetProxy = 065EDEF2257AA871008B004A /* PBXContainerItemProxy */;
		};
/* End PBXTargetDependency section */

/* Begin PBXVariantGroup section */
		065EDED9257AA86D008B004A /* Main.storyboard */ = {
			isa = PBXVariantGroup;
			children = (
				065EDEDA257AA86D008B004A /* Base */,
			);
			name = Main.storyboard;
			sourceTree = "<group>";
		};
		065EDEDE257AA871008B004A /* LaunchScreen.storyboard */ = {
			isa = PBXVariantGroup;
			children = (
				065EDEDF257AA871008B004A /* Base */,
			);
			name = LaunchScreen.storyboard;
			sourceTree = "<group>";
		};
/* End PBXVariantGroup section */

/* Begin XCBuildConfiguration section */
		065EDEF8257AA871008B004A /* Debug */ = {
			isa = XCBuildConfiguration;
			buildSettings = {
				ALWAYS_SEARCH_USER_PATHS = NO;
				CLANG_ANALYZER_NONNULL = YES;
				CLANG_ANALYZER_NUMBER_OBJECT_CONVERSION = YES_AGGRESSIVE;
				CLANG_CXX_LANGUAGE_STANDARD = "gnu++14";
				CLANG_CXX_LIBRARY = "libc++";
				CLANG_ENABLE_MODULES = YES;
				CLANG_ENABLE_OBJC_ARC = YES;
				CLANG_ENABLE_OBJC_WEAK = YES;
				CLANG_WARN_BLOCK_CAPTURE_AUTORELEASING = YES;
				CLANG_WARN_BOOL_CONVERSION = YES;
				CLANG_WARN_COMMA = YES;
				CLANG_WARN_CONSTANT_CONVERSION = YES;
				CLANG_WARN_DEPRECATED_OBJC_IMPLEMENTATIONS = YES;
				CLANG_WARN_DIRECT_OBJC_ISA_USAGE = YES_ERROR;
				CLANG_WARN_DOCUMENTATION_COMMENTS = YES;
				CLANG_WARN_EMPTY_BODY = YES;
				CLANG_WARN_ENUM_CONVERSION = YES;
				CLANG_WARN_INFINITE_RECURSION = YES;
				CLANG_WARN_INT_CONVERSION = YES;
				CLANG_WARN_NON_LITERAL_NULL_CONVERSION = YES;
				CLANG_WARN_OBJC_IMPLICIT_RETAIN_SELF = YES;
				CLANG_WARN_OBJC_LITERAL_CONVERSION = YES;
				CLANG_WARN_OBJC_ROOT_CLASS = YES_ERROR;
				CLANG_WARN_QUOTED_INCLUDE_IN_FRAMEWORK_HEADER = YES;
				CLANG_WARN_RANGE_LOOP_ANALYSIS = YES;
				CLANG_WARN_STRICT_PROTOTYPES = YES;
				CLANG_WARN_SUSPICIOUS_MOVE = YES;
				CLANG_WARN_UNGUARDED_AVAILABILITY = YES_AGGRESSIVE;
				CLANG_WARN_UNREACHABLE_CODE = YES;
				CLANG_WARN__DUPLICATE_METHOD_MATCH = YES;
				COPY_PHASE_STRIP = NO;
				DEBUG_INFORMATION_FORMAT = dwarf;
				ENABLE_STRICT_OBJC_MSGSEND = YES;
				ENABLE_TESTABILITY = YES;
				GCC_C_LANGUAGE_STANDARD = gnu11;
				GCC_DYNAMIC_NO_PIC = NO;
				GCC_NO_COMMON_BLOCKS = YES;
				GCC_OPTIMIZATION_LEVEL = 0;
				GCC_PREPROCESSOR_DEFINITIONS = (
					"DEBUG=1",
					"$(inherited)",
				);
				GCC_WARN_64_TO_32_BIT_CONVERSION = YES;
				GCC_WARN_ABOUT_RETURN_TYPE = YES_ERROR;
				GCC_WARN_UNDECLARED_SELECTOR = YES;
				GCC_WARN_UNINITIALIZED_AUTOS = YES_AGGRESSIVE;
				GCC_WARN_UNUSED_FUNCTION = YES;
				GCC_WARN_UNUSED_VARIABLE = YES;
				IPHONEOS_DEPLOYMENT_TARGET = 14.2;
				MTL_ENABLE_DEBUG_INFO = INCLUDE_SOURCE;
				MTL_FAST_MATH = YES;
				ONLY_ACTIVE_ARCH = YES;
				SDKROOT = iphoneos;
				SWIFT_ACTIVE_COMPILATION_CONDITIONS = DEBUG;
				SWIFT_OPTIMIZATION_LEVEL = "-Onone";
			};
			name = Debug;
		};
		065EDEF9257AA871008B004A /* Release */ = {
			isa = XCBuildConfiguration;
			buildSettings = {
				ALWAYS_SEARCH_USER_PATHS = NO;
				CLANG_ANALYZER_NONNULL = YES;
				CLANG_ANALYZER_NUMBER_OBJECT_CONVERSION = YES_AGGRESSIVE;
				CLANG_CXX_LANGUAGE_STANDARD = "gnu++14";
				CLANG_CXX_LIBRARY = "libc++";
				CLANG_ENABLE_MODULES = YES;
				CLANG_ENABLE_OBJC_ARC = YES;
				CLANG_ENABLE_OBJC_WEAK = YES;
				CLANG_WARN_BLOCK_CAPTURE_AUTORELEASING = YES;
				CLANG_WARN_BOOL_CONVERSION = YES;
				CLANG_WARN_COMMA = YES;
				CLANG_WARN_CONSTANT_CONVERSION = YES;
				CLANG_WARN_DEPRECATED_OBJC_IMPLEMENTATIONS = YES;
				CLANG_WARN_DIRECT_OBJC_ISA_USAGE = YES_ERROR;
				CLANG_WARN_DOCUMENTATION_COMMENTS = YES;
				CLANG_WARN_EMPTY_BODY = YES;
				CLANG_WARN_ENUM_CONVERSION = YES;
				CLANG_WARN_INFINITE_RECURSION = YES;
				CLANG_WARN_INT_CONVERSION = YES;
				CLANG_WARN_NON_LITERAL_NULL_CONVERSION = YES;
				CLANG_WARN_OBJC_IMPLICIT_RETAIN_SELF = YES;
				CLANG_WARN_OBJC_LITERAL_CONVERSION = YES;
				CLANG_WARN_OBJC_ROOT_CLASS = YES_ERROR;
				CLANG_WARN_QUOTED_INCLUDE_IN_FRAMEWORK_HEADER = YES;
				CLANG_WARN_RANGE_LOOP_ANALYSIS = YES;
				CLANG_WARN_STRICT_PROTOTYPES = YES;
				CLANG_WARN_SUSPICIOUS_MOVE = YES;
				CLANG_WARN_UNGUARDED_AVAILABILITY = YES_AGGRESSIVE;
				CLANG_WARN_UNREACHABLE_CODE = YES;
				CLANG_WARN__DUPLICATE_METHOD_MATCH = YES;
				COPY_PHASE_STRIP = NO;
				DEBUG_INFORMATION_FORMAT = "dwarf-with-dsym";
				ENABLE_NS_ASSERTIONS = NO;
				ENABLE_STRICT_OBJC_MSGSEND = YES;
				GCC_C_LANGUAGE_STANDARD = gnu11;
				GCC_NO_COMMON_BLOCKS = YES;
				GCC_WARN_64_TO_32_BIT_CONVERSION = YES;
				GCC_WARN_ABOUT_RETURN_TYPE = YES_ERROR;
				GCC_WARN_UNDECLARED_SELECTOR = YES;
				GCC_WARN_UNINITIALIZED_AUTOS = YES_AGGRESSIVE;
				GCC_WARN_UNUSED_FUNCTION = YES;
				GCC_WARN_UNUSED_VARIABLE = YES;
				IPHONEOS_DEPLOYMENT_TARGET = 14.2;
				MTL_ENABLE_DEBUG_INFO = NO;
				MTL_FAST_MATH = YES;
				SDKROOT = iphoneos;
				SWIFT_COMPILATION_MODE = wholemodule;
				SWIFT_OPTIMIZATION_LEVEL = "-O";
				VALIDATE_PRODUCT = YES;
			};
			name = Release;
		};
		065EDEFB257AA871008B004A /* Debug */ = {
			isa = XCBuildConfiguration;
			buildSettings = {
				ASSETCATALOG_COMPILER_APPICON_NAME = AppIcon;
				ASSETCATALOG_COMPILER_GLOBAL_ACCENT_COLOR_NAME = AccentColor;
				CODE_SIGN_STYLE = Automatic;
				DEVELOPMENT_TEAM = BBW56M99EA;
				INFOPLIST_FILE = BreakingBad/Info.plist;
				LD_RUNPATH_SEARCH_PATHS = (
					"$(inherited)",
					"@executable_path/Frameworks",
				);
				PRODUCT_BUNDLE_IDENTIFIER = com.brendan.rogan.BreakingBad;
				PRODUCT_NAME = "$(TARGET_NAME)";
				SWIFT_VERSION = 5.0;
				TARGETED_DEVICE_FAMILY = "1,2";
			};
			name = Debug;
		};
		065EDEFC257AA871008B004A /* Release */ = {
			isa = XCBuildConfiguration;
			buildSettings = {
				ASSETCATALOG_COMPILER_APPICON_NAME = AppIcon;
				ASSETCATALOG_COMPILER_GLOBAL_ACCENT_COLOR_NAME = AccentColor;
				CODE_SIGN_STYLE = Automatic;
				DEVELOPMENT_TEAM = BBW56M99EA;
				INFOPLIST_FILE = BreakingBad/Info.plist;
				LD_RUNPATH_SEARCH_PATHS = (
					"$(inherited)",
					"@executable_path/Frameworks",
				);
				PRODUCT_BUNDLE_IDENTIFIER = com.brendan.rogan.BreakingBad;
				PRODUCT_NAME = "$(TARGET_NAME)";
				SWIFT_VERSION = 5.0;
				TARGETED_DEVICE_FAMILY = "1,2";
			};
			name = Release;
		};
		065EDEFE257AA871008B004A /* Debug */ = {
			isa = XCBuildConfiguration;
			buildSettings = {
				ALWAYS_EMBED_SWIFT_STANDARD_LIBRARIES = YES;
				BUNDLE_LOADER = "$(TEST_HOST)";
				CODE_SIGN_STYLE = Automatic;
				DEVELOPMENT_TEAM = BBW56M99EA;
				INFOPLIST_FILE = BreakingBadTests/Info.plist;
				IPHONEOS_DEPLOYMENT_TARGET = 14.2;
				LD_RUNPATH_SEARCH_PATHS = (
					"$(inherited)",
					"@executable_path/Frameworks",
					"@loader_path/Frameworks",
				);
				PRODUCT_BUNDLE_IDENTIFIER = com.brendan.rogan.BreakingBadTests;
				PRODUCT_NAME = "$(TARGET_NAME)";
				SWIFT_VERSION = 5.0;
				TARGETED_DEVICE_FAMILY = "1,2";
				TEST_HOST = "$(BUILT_PRODUCTS_DIR)/BreakingBad.app/BreakingBad";
			};
			name = Debug;
		};
		065EDEFF257AA871008B004A /* Release */ = {
			isa = XCBuildConfiguration;
			buildSettings = {
				ALWAYS_EMBED_SWIFT_STANDARD_LIBRARIES = YES;
				BUNDLE_LOADER = "$(TEST_HOST)";
				CODE_SIGN_STYLE = Automatic;
				DEVELOPMENT_TEAM = BBW56M99EA;
				INFOPLIST_FILE = BreakingBadTests/Info.plist;
				IPHONEOS_DEPLOYMENT_TARGET = 14.2;
				LD_RUNPATH_SEARCH_PATHS = (
					"$(inherited)",
					"@executable_path/Frameworks",
					"@loader_path/Frameworks",
				);
				PRODUCT_BUNDLE_IDENTIFIER = com.brendan.rogan.BreakingBadTests;
				PRODUCT_NAME = "$(TARGET_NAME)";
				SWIFT_VERSION = 5.0;
				TARGETED_DEVICE_FAMILY = "1,2";
				TEST_HOST = "$(BUILT_PRODUCTS_DIR)/BreakingBad.app/BreakingBad";
			};
			name = Release;
		};
		065EDF01257AA871008B004A /* Debug */ = {
			isa = XCBuildConfiguration;
			buildSettings = {
				ALWAYS_EMBED_SWIFT_STANDARD_LIBRARIES = YES;
				CODE_SIGN_STYLE = Automatic;
				DEVELOPMENT_TEAM = BBW56M99EA;
				INFOPLIST_FILE = BreakingBadUITests/Info.plist;
				LD_RUNPATH_SEARCH_PATHS = (
					"$(inherited)",
					"@executable_path/Frameworks",
					"@loader_path/Frameworks",
				);
				PRODUCT_BUNDLE_IDENTIFIER = com.brendan.rogan.BreakingBadUITests;
				PRODUCT_NAME = "$(TARGET_NAME)";
				SWIFT_VERSION = 5.0;
				TARGETED_DEVICE_FAMILY = "1,2";
				TEST_TARGET_NAME = BreakingBad;
			};
			name = Debug;
		};
		065EDF02257AA871008B004A /* Release */ = {
			isa = XCBuildConfiguration;
			buildSettings = {
				ALWAYS_EMBED_SWIFT_STANDARD_LIBRARIES = YES;
				CODE_SIGN_STYLE = Automatic;
				DEVELOPMENT_TEAM = BBW56M99EA;
				INFOPLIST_FILE = BreakingBadUITests/Info.plist;
				LD_RUNPATH_SEARCH_PATHS = (
					"$(inherited)",
					"@executable_path/Frameworks",
					"@loader_path/Frameworks",
				);
				PRODUCT_BUNDLE_IDENTIFIER = com.brendan.rogan.BreakingBadUITests;
				PRODUCT_NAME = "$(TARGET_NAME)";
				SWIFT_VERSION = 5.0;
				TARGETED_DEVICE_FAMILY = "1,2";
				TEST_TARGET_NAME = BreakingBad;
			};
			name = Release;
		};
/* End XCBuildConfiguration section */

/* Begin XCConfigurationList section */
		065EDECB257AA86D008B004A /* Build configuration list for PBXProject "BreakingBad" */ = {
			isa = XCConfigurationList;
			buildConfigurations = (
				065EDEF8257AA871008B004A /* Debug */,
				065EDEF9257AA871008B004A /* Release */,
			);
			defaultConfigurationIsVisible = 0;
			defaultConfigurationName = Release;
		};
		065EDEFA257AA871008B004A /* Build configuration list for PBXNativeTarget "BreakingBad" */ = {
			isa = XCConfigurationList;
			buildConfigurations = (
				065EDEFB257AA871008B004A /* Debug */,
				065EDEFC257AA871008B004A /* Release */,
			);
			defaultConfigurationIsVisible = 0;
			defaultConfigurationName = Release;
		};
		065EDEFD257AA871008B004A /* Build configuration list for PBXNativeTarget "BreakingBadTests" */ = {
			isa = XCConfigurationList;
			buildConfigurations = (
				065EDEFE257AA871008B004A /* Debug */,
				065EDEFF257AA871008B004A /* Release */,
			);
			defaultConfigurationIsVisible = 0;
			defaultConfigurationName = Release;
		};
		065EDF00257AA871008B004A /* Build configuration list for PBXNativeTarget "BreakingBadUITests" */ = {
			isa = XCConfigurationList;
			buildConfigurations = (
				065EDF01257AA871008B004A /* Debug */,
				065EDF02257AA871008B004A /* Release */,
			);
			defaultConfigurationIsVisible = 0;
			defaultConfigurationName = Release;
		};
/* End XCConfigurationList section */
	};
	rootObject = 065EDEC8257AA86D008B004A /* Project object */;
}
